# This is a Gradle generated file for dependency locking.
# Manual edits can break the build and are not advised.
# This file is expected to be part of source control.
androidx.activity:activity-ktx:1.10.1=debugCompileClasspath,debugUnitTestCompileClasspath,releaseCompileClasspath
androidx.activity:activity-ktx:1.13.0=debugUnitTestRuntimeClasspath,releaseRuntimeClasspath
androidx.activity:activity:1.10.1=debugCompileClasspath,debugUnitTestCompileClasspath,releaseCompileClasspath
androidx.activity:activity:1.13.0=debugUnitTestRuntimeClasspath,releaseRuntimeClasspath
androidx.annotation:annotation-experimental:1.4.0=debugCompileClasspath,debugUnitTestCompileClasspath,releaseCompileClasspath
androidx.annotation:annotation-experimental:1.4.1=debugUnitTestRuntimeClasspath,releaseRuntimeClasspath
androidx.annotation:annotation-jvm:1.8.1=debugCompileClasspath,debugUnitTestCompileClasspath,releaseCompileClasspath
androidx.annotation:annotation-jvm:1.9.1=debugUnitTestRuntimeClasspath,releaseRuntimeClasspath
androidx.annotation:annotation:1.8.1=debugCompileClasspath,debugUnitTestCompileClasspath,releaseCompileClasspath
androidx.annotation:annotation:1.9.1=debugUnitTestRuntimeClasspath,releaseRuntimeClasspath
androidx.arch.core:core-common:2.2.0=debugCompileClasspath,debugUnitTestCompileClasspath,debugUnitTestRuntimeClasspath,releaseCompileClasspath,releaseRuntimeClasspath
androidx.arch.core:core-runtime:2.2.0=debugUnitTestRuntimeClasspath,releaseRuntimeClasspath
androidx.collection:collection-jvm:1.4.2=debugUnitTestRuntimeClasspath,releaseRuntimeClasspath
androidx.collection:collection:1.0.0=debugCompileClasspath,debugUnitTestCompileClasspath,releaseCompileClasspath
androidx.collection:collection:1.4.2=debugUnitTestRuntimeClasspath,releaseRuntimeClasspath
androidx.compose.runtime:runtime-annotation-android:1.9.0=debugUnitTestRuntimeClasspath,releaseRuntimeClasspath
androidx.compose.runtime:runtime-annotation:1.9.0=debugUnitTestRuntimeClasspath,releaseRuntimeClasspath
androidx.concurrent:concurrent-futures-ktx:1.2.0=debugUnitTestRuntimeClasspath,releaseRuntimeClasspath
androidx.concurrent:concurrent-futures:1.2.0=debugUnitTestRuntimeClasspath,releaseRuntimeClasspath
androidx.core:core-ktx:1.13.0=debugCompileClasspath,debugUnitTestCompileClasspath,releaseCompileClasspath
androidx.core:core-ktx:1.18.0=debugUnitTestRuntimeClasspath,releaseRuntimeClasspath
androidx.core:core-viewtree:1.0.0=debugCompileClasspath,debugUnitTestCompileClasspath,debugUnitTestRuntimeClasspath,releaseCompileClasspath,releaseRuntimeClasspath
androidx.core:core:1.13.0=debugCompileClasspath,debugUnitTestCompileClasspath,releaseCompileClasspath
androidx.core:core:1.18.0=debugUnitTestRuntimeClasspath,releaseRuntimeClasspath
androidx.interpolator:interpolator:1.0.0=debugUnitTestRuntimeClasspath,releaseRuntimeClasspath
androidx.lifecycle:lifecycle-common:2.6.2=debugCompileClasspath,debugUnitTestCompileClasspath,debugUnitTestRuntimeClasspath,releaseCompileClasspath,releaseRuntimeClasspath
androidx.lifecycle:lifecycle-livedata-core:2.6.2=debugCompileClasspath,debugUnitTestCompileClasspath,debugUnitTestRuntimeClasspath,releaseCompileClasspath,releaseRuntimeClasspath
androidx.lifecycle:lifecycle-runtime-ktx:2.6.2=debugCompileClasspath,debugUnitTestCompileClasspath,debugUnitTestRuntimeClasspath,releaseCompileClasspath,releaseRuntimeClasspath
androidx.lifecycle:lifecycle-runtime:2.6.2=debugCompileClasspath,debugUnitTestCompileClasspath,debugUnitTestRuntimeClasspath,releaseCompileClasspath,releaseRuntimeClasspath
androidx.lifecycle:lifecycle-viewmodel-ktx:2.6.2=debugCompileClasspath,debugUnitTestCompileClasspath,debugUnitTestRuntimeClasspath,releaseCompileClasspath,releaseRuntimeClasspath
androidx.lifecycle:lifecycle-viewmodel-savedstate:2.6.2=debugCompileClasspath,debugUnitTestCompileClasspath,debugUnitTestRuntimeClasspath,releaseCompileClasspath,releaseRuntimeClasspath
androidx.lifecycle:lifecycle-viewmodel:2.6.2=debugCompileClasspath,debugUnitTestCompileClasspath,debugUnitTestRuntimeClasspath,releaseCompileClasspath,releaseRuntimeClasspath
androidx.navigationevent:navigationevent-android:1.0.0=debugUnitTestRuntimeClasspath,releaseRuntimeClasspath
androidx.navigationevent:navigationevent:1.0.0=debugUnitTestRuntimeClasspath,releaseRuntimeClasspath
androidx.profileinstaller:profileinstaller:1.4.0=debugUnitTestRuntimeClasspath,releaseRuntimeClasspath
androidx.savedstate:savedstate-ktx:1.2.1=debugCompileClasspath,debugUnitTestCompileClasspath,debugUnitTestRuntimeClasspath,releaseCompileClasspath,releaseRuntimeClasspath
androidx.savedstate:savedstate:1.2.1=debugCompileClasspath,debugUnitTestCompileClasspath,debugUnitTestRuntimeClasspath,releaseCompileClasspath,releaseRuntimeClasspath
androidx.startup:startup-runtime:1.1.1=debugUnitTestRuntimeClasspath,releaseRuntimeClasspath
androidx.test.espresso:espresso-idling-resource:3.6.1=debugUnitTestRuntimeClasspath
androidx.test.ext:junit-ktx:1.3.0=debugUnitTestRuntimeClasspath,releaseRuntimeClasspath
androidx.test.ext:junit:1.3.0=debugUnitTestRuntimeClasspath,releaseRuntimeClasspath
androidx.test.services:storage:1.6.0=debugUnitTestRuntimeClasspath,releaseRuntimeClasspath
androidx.test:core:1.7.0=debugUnitTestRuntimeClasspath,releaseRuntimeClasspath
androidx.test:monitor:1.7.2=debugUnitTestCompileClasspath
androidx.test:monitor:1.8.0=debugUnitTestRuntimeClasspath,releaseRuntimeClasspath
androidx.tracing:tracing:1.2.0=debugUnitTestRuntimeClasspath,releaseRuntimeClasspath
androidx.versionedparcelable:versionedparcelable:1.1.1=debugCompileClasspath,debugUnitTestCompileClasspath,debugUnitTestRuntimeClasspath,releaseCompileClasspath,releaseRuntimeClasspath
com.almworks.sqlite4java:sqlite4java:1.0.392=debugUnitTestCompileClasspath,debugUnitTestRuntimeClasspath
com.ditchoom:buffer-android:1.4.2=debugUnitTestRuntimeClasspath,releaseRuntimeClasspath
com.ditchoom:buffer:1.4.2=debugUnitTestRuntimeClasspath,releaseRuntimeClasspath
com.google.auto.value:auto-value-annotations:1.11.0=debugUnitTestCompileClasspath,debugUnitTestRuntimeClasspath
com.google.code.findbugs:jsr305:3.0.2=debugUnitTestCompileClasspath,debugUnitTestRuntimeClasspath
com.google.errorprone:error_prone_annotation:2.34.0=debugUnitTestRuntimeClasspath
com.google.errorprone:error_prone_annotations:2.28.0=debugUnitTestCompileClasspath,debugUnitTestRuntimeClasspath
com.google.guava:failureaccess:1.0.2=debugUnitTestCompileClasspath,debugUnitTestRuntimeClasspath
com.google.guava:guava:33.3.1-jre=debugUnitTestCompileClasspath,debugUnitTestRuntimeClasspath
com.google.guava:listenablefuture:1.0=releaseRuntimeClasspath
com.google.guava:listenablefuture:9999.0-empty-to-avoid-conflict-with-guava=debugUnitTestCompileClasspath,debugUnitTestRuntimeClasspath
com.google.j2objc:j2objc-annotations:3.0.0=debugUnitTestCompileClasspath,debugUnitTestRuntimeClasspath
com.google.testparameterinjector:test-parameter-injector:1.18=debugUnitTestRuntimeClasspath
com.ibm.icu:icu4j:75.1=debugUnitTestCompileClasspath,debugUnitTestRuntimeClasspath
com.neovisionaries:nv-websocket-client:2.14=debugUnitTestRuntimeClasspath,releaseRuntimeClasspath
com.solanamobile:mobile-wallet-adapter-clientlib-ktx:2.2.0-agp9-beta1=debugCompileClasspath,debugUnitTestCompileClasspath,debugUnitTestRuntimeClasspath,releaseCompileClasspath,releaseRuntimeClasspath
com.solanamobile:mobile-wallet-adapter-clientlib:2.2.0-agp9-beta1=debugCompileClasspath,debugUnitTestCompileClasspath,debugUnitTestRuntimeClasspath,releaseCompileClasspath,releaseRuntimeClasspath
com.solanamobile:mobile-wallet-adapter-common:2.2.0-agp9-beta1=debugCompileClasspath,debugUnitTestCompileClasspath,debugUnitTestRuntimeClasspath,releaseCompileClasspath,releaseRuntimeClasspath
com.solanamobile:web3-core-jvm:0.3.1=debugCompileClasspath,debugUnitTestCompileClasspath,debugUnitTestRuntimeClasspath,releaseCompileClasspath,releaseRuntimeClasspath
com.solanamobile:web3-core:0.3.1=debugCompileClasspath,debugUnitTestCompileClasspath,debugUnitTestRuntimeClasspath,releaseCompileClasspath,releaseRuntimeClasspath
com.solanamobile:web3-solana-jvm:0.3.1=debugCompileClasspath,debugUnitTestCompileClasspath,debugUnitTestRuntimeClasspath,releaseCompileClasspath,releaseRuntimeClasspath
com.solanamobile:web3-solana:0.3.1=debugCompileClasspath,debugUnitTestCompileClasspath,debugUnitTestRuntimeClasspath,releaseCompileClasspath,releaseRuntimeClasspath
io.github.funkatronics:kborsh-android:0.1.3=debugUnitTestRuntimeClasspath,releaseRuntimeClasspath
io.github.funkatronics:kborsh:0.1.3=debugUnitTestRuntimeClasspath,releaseRuntimeClasspath
io.github.funkatronics:multimult-jvm:0.2.6=debugUnitTestRuntimeClasspath,releaseRuntimeClasspath
io.github.funkatronics:multimult:0.2.6=debugUnitTestRuntimeClasspath,releaseRuntimeClasspath
io.github.funkatronics:salkt-jvm:0.1.2=debugUnitTestRuntimeClasspath,releaseRuntimeClasspath
io.github.funkatronics:salkt:0.1.2=debugUnitTestRuntimeClasspath,releaseRuntimeClasspath
javax.annotation:javax.annotation-api:1.3.2=debugUnitTestCompileClasspath,debugUnitTestRuntimeClasspath
javax.inject:javax.inject:1=debugUnitTestCompileClasspath,debugUnitTestRuntimeClasspath
junit:junit:4.13.2=debugUnitTestCompileClasspath,debugUnitTestRuntimeClasspath,releaseRuntimeClasspath
org.bouncycastle:bcprov-jdk18on:1.78.1=debugUnitTestCompileClasspath,debugUnitTestRuntimeClasspath
org.checkerframework:checker-qual:3.43.0=debugUnitTestCompileClasspath,debugUnitTestRuntimeClasspath
org.conscrypt:conscrypt-openjdk-uber:2.5.2=debugUnitTestRuntimeClasspath
org.hamcrest:hamcrest-core:1.3=debugUnitTestCompileClasspath,debugUnitTestRuntimeClasspath,releaseRuntimeClasspath
org.jetbrains.kotlin:kotlin-build-tools-api:2.2.10=kotlinBuildToolsApiClasspath
org.jetbrains.kotlin:kotlin-build-tools-impl:2.2.10=kotlinBuildToolsApiClasspath
org.jetbrains.kotlin:kotlin-compiler-embeddable:2.2.10=kotlinBuildToolsApiClasspath,kotlinCompilerClasspath
org.jetbrains.kotlin:kotlin-compiler-runner:2.2.10=kotlinBuildToolsApiClasspath
org.jetbrains.kotlin:kotlin-daemon-client:2.2.10=kotlinBuildToolsApiClasspath
org.jetbrains.kotlin:kotlin-daemon-embeddable:2.2.10=kotlinBuildToolsApiClasspath,kotlinCompilerClasspath
org.jetbrains.kotlin:kotlin-reflect:1.6.10=kotlinBuildToolsApiClasspath,kotlinCompilerClasspath
org.jetbrains.kotlin:kotlin-script-runtime:2.2.10=kotlinBuildToolsApiClasspath,kotlinCompilerClasspath
org.jetbrains.kotlin:kotlin-scripting-common:2.2.10=kotlinBuildToolsApiClasspath
org.jetbrains.kotlin:kotlin-scripting-compiler-embeddable:2.2.10=kotlinBuildToolsApiClasspath
org.jetbrains.kotlin:kotlin-scripting-compiler-impl-embeddable:2.2.10=kotlinBuildToolsApiClasspath
org.jetbrains.kotlin:kotlin-scripting-jvm:2.2.10=kotlinBuildToolsApiClasspath
org.jetbrains.kotlin:kotlin-stdlib:2.2.10=kotlinBuildToolsApiClasspath,kotlinCompilerClasspath
org.jetbrains.kotlin:kotlin-stdlib:2.3.21=debugCompileClasspath,debugUnitTestCompileClasspath,debugUnitTestRuntimeClasspath,releaseCompileClasspath,releaseRuntimeClasspath
org.jetbrains.kotlinx:kotlinx-coroutines-android:1.10.2=debugCompileClasspath,debugUnitTestCompileClasspath,debugUnitTestRuntimeClasspath,releaseCompileClasspath,releaseRuntimeClasspath
org.jetbrains.kotlinx:kotlinx-coroutines-bom:1.10.2=debugCompileClasspath,debugUnitTestCompileClasspath,debugUnitTestRuntimeClasspath,releaseCompileClasspath,releaseRuntimeClasspath
org.jetbrains.kotlinx:kotlinx-coroutines-core-jvm:1.10.2=debugCompileClasspath,debugUnitTestCompileClasspath,debugUnitTestRuntimeClasspath,releaseCompileClasspath,releaseRuntimeClasspath
org.jetbrains.kotlinx:kotlinx-coroutines-core-jvm:1.8.0=kotlinBuildToolsApiClasspath,kotlinCompilerClasspath
org.jetbrains.kotlinx:kotlinx-coroutines-core:1.10.2=debugCompileClasspath,debugUnitTestCompileClasspath,debugUnitTestRuntimeClasspath,releaseCompileClasspath,releaseRuntimeClasspath
org.jetbrains.kotlinx:kotlinx-serialization-bom:1.9.0=debugUnitTestRuntimeClasspath,releaseRuntimeClasspath
org.jetbrains.kotlinx:kotlinx-serialization-core-jvm:1.9.0=debugUnitTestRuntimeClasspath,releaseRuntimeClasspath
org.jetbrains.kotlinx:kotlinx-serialization-core:1.9.0=debugUnitTestRuntimeClasspath,releaseRuntimeClasspath
org.jetbrains.kotlinx:kotlinx-serialization-json-jvm:1.9.0=debugUnitTestRuntimeClasspath,releaseRuntimeClasspath
org.jetbrains.kotlinx:kotlinx-serialization-json:1.9.0=debugUnitTestRuntimeClasspath,releaseRuntimeClasspath
org.jetbrains:annotations:13.0=kotlinBuildToolsApiClasspath,kotlinCompilerClasspath
org.jetbrains:annotations:23.0.0=debugCompileClasspath,debugUnitTestCompileClasspath,debugUnitTestRuntimeClasspath,releaseCompileClasspath,releaseRuntimeClasspath
org.jspecify:jspecify:1.0.0=debugUnitTestRuntimeClasspath,releaseRuntimeClasspath
org.ow2.asm:asm-analysis:9.7.1=debugUnitTestCompileClasspath,debugUnitTestRuntimeClasspath
org.ow2.asm:asm-commons:9.7.1=debugUnitTestCompileClasspath,debugUnitTestRuntimeClasspath
org.ow2.asm:asm-tree:9.7.1=debugUnitTestCompileClasspath,debugUnitTestRuntimeClasspath
org.ow2.asm:asm-util:9.7.1=debugUnitTestCompileClasspath,debugUnitTestRuntimeClasspath
org.ow2.asm:asm:9.7.1=debugUnitTestCompileClasspath,debugUnitTestRuntimeClasspath
org.robolectric:annotations:4.14.1=debugUnitTestCompileClasspath,debugUnitTestRuntimeClasspath
org.robolectric:junit:4.14.1=debugUnitTestCompileClasspath,debugUnitTestRuntimeClasspath
org.robolectric:nativeruntime-dist-compat:1.0.16=debugUnitTestRuntimeClasspath
org.robolectric:nativeruntime:4.14.1=debugUnitTestCompileClasspath,debugUnitTestRuntimeClasspath
org.robolectric:pluginapi:4.14.1=debugUnitTestCompileClasspath,debugUnitTestRuntimeClasspath
org.robolectric:plugins-maven-dependency-resolver:4.14.1=debugUnitTestCompileClasspath,debugUnitTestRuntimeClasspath
org.robolectric:resources:4.14.1=debugUnitTestCompileClasspath,debugUnitTestRuntimeClasspath
org.robolectric:robolectric:4.14.1=debugUnitTestCompileClasspath,debugUnitTestRuntimeClasspath
org.robolectric:sandbox:4.14.1=debugUnitTestCompileClasspath,debugUnitTestRuntimeClasspath
org.robolectric:shadowapi:4.14.1=debugUnitTestCompileClasspath,debugUnitTestRuntimeClasspath
org.robolectric:shadows-framework:4.14.1=debugUnitTestCompileClasspath,debugUnitTestRuntimeClasspath
org.robolectric:utils-reflector:4.14.1=debugUnitTestCompileClasspath,debugUnitTestRuntimeClasspath
org.robolectric:utils:4.14.1=debugUnitTestCompileClasspath,debugUnitTestRuntimeClasspath
org.yaml:snakeyaml:2.3=debugUnitTestRuntimeClasspath
empty=androidApis,debugAnnotationProcessorClasspath,debugUnitTestAnnotationProcessorClasspath,kotlinCompilerPluginClasspath,lintPublish,releaseAnnotationProcessorClasspath
